
Microsoft Visual Studio Solution File, Format Version 12.00
# Visual Studio Version 16
VisualStudioVersion = 16.0.31702.278
MinimumVisualStudioVersion = 10.0.40219.1
Project("{FAE04EC0-301F-11D3-BF4B-00C04F79EFBC}") = "Models", "Models\Models.csproj", "{4DACEB42-94D0-46DB-894F-008497EB3BF5}"
EndProject
Project("{FAE04EC0-301F-11D3-BF4B-00C04F79EFBC}") = "Services", "Services\Services.csproj", "{77CBBE78-1F2A-4F05-8A9F-BB4A1FFB9123}"
EndProject
Project("{FAE04EC0-301F-11D3-BF4B-00C04F79EFBC}") = "JWT_1", "JWT_1\JWT_1.csproj", "{383FE5B7-D2D8-4C74-9B49-61E3B8D3B356}"
EndProject
Project("{FAE04EC0-301F-11D3-BF4B-00C04F79EFBC}") = "JWT_MVC", "JWT_MVC\JWT_MVC.csproj", "{7F244B9F-BD1A-4B75-85B1-77396718E7FD}"
EndProject
Global
	GlobalSection(SolutionConfigurationPlatforms) = preSolution
		Debug|Any CPU = Debug|Any CPU
		Release|Any CPU = Release|Any CPU
	EndGlobalSection
	GlobalSection(ProjectConfigurationPlatforms) = postSolution
		{4DACEB42-94D0-46DB-894F-008497EB3BF5}.Debug|Any CPU.ActiveCfg = Debug|Any CPU
		{4DACEB42-94D0-46DB-894F-008497EB3BF5}.Debug|Any CPU.Build.0 = Debug|Any CPU
		{4DACEB42-94D0-46DB-894F-008497EB3BF5}.Release|Any CPU.ActiveCfg = Release|Any CPU
		{4DACEB42-94D0-46DB-894F-008497EB3BF5}.Release|Any CPU.Build.0 = Release|Any CPU
		{77CBBE78-1F2A-4F05-8A9F-BB4A1FFB9123}.Debug|Any CPU.ActiveCfg = Debug|Any CPU
		{77CBBE78-1F2A-4F05-8A9F-BB4A1FFB9123}.Debug|Any CPU.Build.0 = Debug|Any CPU
		{77CBBE78-1F2A-4F05-8A9F-BB4A1FFB9123}.Release|Any CPU.ActiveCfg = Release|Any CPU
		{77CBBE78-1F2A-4F05-8A9F-BB4A1FFB9123}.Release|Any CPU.Build.0 = Release|Any CPU
		{383FE5B7-D2D8-4C74-9B49-61E3B8D3B356}.Debug|Any CPU.ActiveCfg = Debug|Any CPU
		{383FE5B7-D2D8-4C74-9B49-61E3B8D3B356}.Debug|Any CPU.Build.0 = Debug|Any CPU
		{383FE5B7-D2D8-4C74-9B49-61E3B8D3B356}.Release|Any CPU.ActiveCfg = Release|Any CPU
		{383FE5B7-D2D8-4C74-9B49-61E3B8D3B356}.Release|Any CPU.Build.0 = Release|Any CPU
		{7F244B9F-BD1A-4B75-85B1-77396718E7FD}.Debug|Any CPU.ActiveCfg = Debug|Any CPU
		{7F244B9F-BD1A-4B75-85B1-77396718E7FD}.Debug|Any CPU.Build.0 = Debug|Any CPU
		{7F244B9F-BD1A-4B75-85B1-77396718E7FD}.Release|Any CPU.ActiveCfg = Release|Any CPU
		{7F244B9F-BD1A-4B75-85B1-77396718E7FD}.Release|Any CPU.Build.0 = Release|Any CPU
	EndGlobalSection
	GlobalSection(SolutionProperties) = preSolution
		HideSolutionNode = FALSE
	EndGlobalSection
	GlobalSection(ExtensibilityGlobals) = postSolution
		SolutionGuid = {DD39F709-1C56-407D-9628-1955ACE30DCA}
	EndGlobalSection
EndGlobal
